{
  "object": {
    "pins": [
      {
        "package": "Cbz2",
        "repositoryURL": "https://github.com/richardpiazza/Cbz2.git",
        "state": {
          "branch": null,
          "revision": "1d6111e39e5d48286a9eee5eee17770c3296d5f4",
          "version": "1.0.1"
        }
      }
    ]
  },
  "version": 1
}
